
Microsoft Visual Studio Solution File, Format Version 12.00
# Visual Studio Version 16
VisualStudioVersion = 16.0.31729.503
MinimumVisualStudioVersion = 10.0.40219.1
Project("{9A19103F-16F7-4668-BE54-9A1E7A4F7556}") = "OpenClosedPrinciple", "OpenClosedPrinciple\OpenClosedPrinciple.csproj", "{172DEBA7-A21D-4A17-B949-300B881B0F53}"
EndProject
Project("{9A19103F-16F7-4668-BE54-9A1E7A4F7556}") = "OpenClosedPrinciple-Before", "OpenClosedPrinciple-Before\OpenClosedPrinciple-Before.csproj", "{1EF6DD59-3786-4AE1-8A8C-89E523F55F06}"
EndProject
Project("{FAE04EC0-301F-11D3-BF4B-00C04F79EFBC}") = "LiskovSubstitution", "LiskovSubstitution\LiskovSubstitution.csproj", "{ECFC5B75-75D6-4B13-BEE3-0B04E05AD2FB}"
EndProject
Global
	GlobalSection(SolutionConfigurationPlatforms) = preSolution
		Debug|Any CPU = Debug|Any CPU
		Release|Any CPU = Release|Any CPU
	EndGlobalSection
	GlobalSection(ProjectConfigurationPlatforms) = postSolution
		{172DEBA7-A21D-4A17-B949-300B881B0F53}.Debug|Any CPU.ActiveCfg = Debug|Any CPU
		{172DEBA7-A21D-4A17-B949-300B881B0F53}.Debug|Any CPU.Build.0 = Debug|Any CPU
		{172DEBA7-A21D-4A17-B949-300B881B0F53}.Release|Any CPU.ActiveCfg = Release|Any CPU
		{172DEBA7-A21D-4A17-B949-300B881B0F53}.Release|Any CPU.Build.0 = Release|Any CPU
		{1EF6DD59-3786-4AE1-8A8C-89E523F55F06}.Debug|Any CPU.ActiveCfg = Debug|Any CPU
		{1EF6DD59-3786-4AE1-8A8C-89E523F55F06}.Debug|Any CPU.Build.0 = Debug|Any CPU
		{1EF6DD59-3786-4AE1-8A8C-89E523F55F06}.Release|Any CPU.ActiveCfg = Release|Any CPU
		{1EF6DD59-3786-4AE1-8A8C-89E523F55F06}.Release|Any CPU.Build.0 = Release|Any CPU
		{ECFC5B75-75D6-4B13-BEE3-0B04E05AD2FB}.Debug|Any CPU.ActiveCfg = Debug|Any CPU
		{ECFC5B75-75D6-4B13-BEE3-0B04E05AD2FB}.Debug|Any CPU.Build.0 = Debug|Any CPU
		{ECFC5B75-75D6-4B13-BEE3-0B04E05AD2FB}.Release|Any CPU.ActiveCfg = Release|Any CPU
		{ECFC5B75-75D6-4B13-BEE3-0B04E05AD2FB}.Release|Any CPU.Build.0 = Release|Any CPU
	EndGlobalSection
	GlobalSection(SolutionProperties) = preSolution
		HideSolutionNode = FALSE
	EndGlobalSection
	GlobalSection(ExtensibilityGlobals) = postSolution
		SolutionGuid = {F904CD27-08D3-45AD-9976-69B4CBD47D24}
	EndGlobalSection
EndGlobal
